
Microsoft Visual Studio Solution File, Format Version 12.00
# Visual Studio 15
VisualStudioVersion = 15.0.27428.2015
MinimumVisualStudioVersion = 10.0.40219.1
Project("{FAE04EC0-301F-11D3-BF4B-00C04F79EFBC}") = "LinqQueries", "LinqQueries\LinqQueries.csproj", "{7D66F85E-873F-4BD8-8CED-EDD5A9DD98AF}"
EndProject
Global
	GlobalSection(SolutionConfigurationPlatforms) = preSolution
		Debug|Any CPU = Debug|Any CPU
		Release|Any CPU = Release|Any CPU
	EndGlobalSection
	GlobalSection(ProjectConfigurationPlatforms) = postSolution
		{7D66F85E-873F-4BD8-8CED-EDD5A9DD98AF}.Debug|Any CPU.ActiveCfg = Debug|Any CPU
		{7D66F85E-873F-4BD8-8CED-EDD5A9DD98AF}.Debug|Any CPU.Build.0 = Debug|Any CPU
		{7D66F85E-873F-4BD8-8CED-EDD5A9DD98AF}.Release|Any CPU.ActiveCfg = Release|Any CPU
		{7D66F85E-873F-4BD8-8CED-EDD5A9DD98AF}.Release|Any CPU.Build.0 = Release|Any CPU
	EndGlobalSection
	GlobalSection(SolutionProperties) = preSolution
		HideSolutionNode = FALSE
	EndGlobalSection
	GlobalSection(ExtensibilityGlobals) = postSolution
		SolutionGuid = {BB163D7B-460E-425E-8D68-297313A66CF3}
	EndGlobalSection
EndGlobal
