
Microsoft Visual Studio Solution File, Format Version 12.00
# Visual Studio 15
VisualStudioVersion = 15.0.27428.2015
MinimumVisualStudioVersion = 10.0.40219.1
Project("{9A19103F-16F7-4668-BE54-9A1E7A4F7556}") = "DelegateTask1", "DelegateEvents\DelegateTask1.csproj", "{E726AC2D-B4BB-43B8-A26D-4F0A546141A8}"
EndProject
Project("{FAE04EC0-301F-11D3-BF4B-00C04F79EFBC}") = "EventTask1", "EventTask1\EventTask1.csproj", "{13E5F1D0-CB09-4371-8AB0-B503A5414B9B}"
EndProject
Project("{FAE04EC0-301F-11D3-BF4B-00C04F79EFBC}") = "EventTask2", "EventTask2\EventTask2.csproj", "{E6E28255-1B4C-42B1-A0A6-7A7C06F497EA}"
EndProject
Global
	GlobalSection(SolutionConfigurationPlatforms) = preSolution
		Debug|Any CPU = Debug|Any CPU
		Release|Any CPU = Release|Any CPU
	EndGlobalSection
	GlobalSection(ProjectConfigurationPlatforms) = postSolution
		{E726AC2D-B4BB-43B8-A26D-4F0A546141A8}.Debug|Any CPU.ActiveCfg = Debug|Any CPU
		{E726AC2D-B4BB-43B8-A26D-4F0A546141A8}.Debug|Any CPU.Build.0 = Debug|Any CPU
		{E726AC2D-B4BB-43B8-A26D-4F0A546141A8}.Release|Any CPU.ActiveCfg = Release|Any CPU
		{E726AC2D-B4BB-43B8-A26D-4F0A546141A8}.Release|Any CPU.Build.0 = Release|Any CPU
		{13E5F1D0-CB09-4371-8AB0-B503A5414B9B}.Debug|Any CPU.ActiveCfg = Debug|Any CPU
		{13E5F1D0-CB09-4371-8AB0-B503A5414B9B}.Debug|Any CPU.Build.0 = Debug|Any CPU
		{13E5F1D0-CB09-4371-8AB0-B503A5414B9B}.Release|Any CPU.ActiveCfg = Release|Any CPU
		{13E5F1D0-CB09-4371-8AB0-B503A5414B9B}.Release|Any CPU.Build.0 = Release|Any CPU
		{E6E28255-1B4C-42B1-A0A6-7A7C06F497EA}.Debug|Any CPU.ActiveCfg = Debug|Any CPU
		{E6E28255-1B4C-42B1-A0A6-7A7C06F497EA}.Debug|Any CPU.Build.0 = Debug|Any CPU
		{E6E28255-1B4C-42B1-A0A6-7A7C06F497EA}.Release|Any CPU.ActiveCfg = Release|Any CPU
		{E6E28255-1B4C-42B1-A0A6-7A7C06F497EA}.Release|Any CPU.Build.0 = Release|Any CPU
	EndGlobalSection
	GlobalSection(SolutionProperties) = preSolution
		HideSolutionNode = FALSE
	EndGlobalSection
	GlobalSection(ExtensibilityGlobals) = postSolution
		SolutionGuid = {A2E39F7B-5BFA-43CC-A833-47C86243021A}
	EndGlobalSection
EndGlobal
